
Microsoft Visual Studio Solution File, Format Version 12.00
# Visual Studio Version 17
VisualStudioVersion = 17.11.35327.3
MinimumVisualStudioVersion = 10.0.40219.1
Project("{FAE04EC0-301F-11D3-BF4B-00C04F79EFBC}") = "test", "test\test.csproj", "{C8479FB2-AAA9-47DB-A732-998CB1B58BCD}"
EndProject
Global
	GlobalSection(SolutionConfigurationPlatforms) = preSolution
		Debug|Any CPU = Debug|Any CPU
		Release|Any CPU = Release|Any CPU
	EndGlobalSection
	GlobalSection(ProjectConfigurationPlatforms) = postSolution
		{C8479FB2-AAA9-47DB-A732-998CB1B58BCD}.Debug|Any CPU.ActiveCfg = Debug|Any CPU
		{C8479FB2-AAA9-47DB-A732-998CB1B58BCD}.Debug|Any CPU.Build.0 = Debug|Any CPU
		{C8479FB2-AAA9-47DB-A732-998CB1B58BCD}.Release|Any CPU.ActiveCfg = Release|Any CPU
		{C8479FB2-AAA9-47DB-A732-998CB1B58BCD}.Release|Any CPU.Build.0 = Release|Any CPU
	EndGlobalSection
	GlobalSection(SolutionProperties) = preSolution
		HideSolutionNode = FALSE
	EndGlobalSection
	GlobalSection(ExtensibilityGlobals) = postSolution
		SolutionGuid = {DE126B83-8661-49F2-9028-C09A3E519CD9}
	EndGlobalSection
EndGlobal
